
Microsoft Visual Studio Solution File, Format Version 12.00
# Visual Studio Version 16
VisualStudioVersion = 16.0.31005.135
MinimumVisualStudioVersion = 10.0.40219.1
Project("{6989167D-11E4-40FE-8C1A-2192A86A7E90}") = "P_NR", "P_NR.vfproj", "{ADAEACFE-5561-4729-B1BE-914184F2EDE0}"
EndProject
Global
	GlobalSection(SolutionConfigurationPlatforms) = preSolution
		Debug|x64 = Debug|x64
		Debug|x86 = Debug|x86
		Release|x64 = Release|x64
		Release|x86 = Release|x86
	EndGlobalSection
	GlobalSection(ProjectConfigurationPlatforms) = postSolution
		{ADAEACFE-5561-4729-B1BE-914184F2EDE0}.Debug|x64.ActiveCfg = Debug|x64
		{ADAEACFE-5561-4729-B1BE-914184F2EDE0}.Debug|x64.Build.0 = Debug|x64
		{ADAEACFE-5561-4729-B1BE-914184F2EDE0}.Debug|x86.ActiveCfg = Debug|Win32
		{ADAEACFE-5561-4729-B1BE-914184F2EDE0}.Debug|x86.Build.0 = Debug|Win32
		{ADAEACFE-5561-4729-B1BE-914184F2EDE0}.Release|x64.ActiveCfg = Release|x64
		{ADAEACFE-5561-4729-B1BE-914184F2EDE0}.Release|x64.Build.0 = Release|x64
		{ADAEACFE-5561-4729-B1BE-914184F2EDE0}.Release|x86.ActiveCfg = Release|Win32
		{ADAEACFE-5561-4729-B1BE-914184F2EDE0}.Release|x86.Build.0 = Release|Win32
	EndGlobalSection
	GlobalSection(SolutionProperties) = preSolution
		HideSolutionNode = FALSE
	EndGlobalSection
	GlobalSection(ExtensibilityGlobals) = postSolution
		SolutionGuid = {88BC957A-A710-4FBE-B63F-05E2B8DC0444}
	EndGlobalSection
EndGlobal
